# This file was autogenerated by uv via the following command:
#    uv pip compile pyproject.toml --extra parse --extra test --python-version 3.12 --torch-backend cpu --emit-index-annotation --output-file requirements-test.lock
accelerate==1.14.0
    # via
    #   docling-ibm-models
    #   docling-slim
    # from https://pypi.org/simple
aiohappyeyeballs==2.7.1
    # via aiohttp
    # from https://pypi.org/simple
aiohttp==3.14.3
    # via paddleocr
    # from https://pypi.org/simple
aiosignal==1.4.0
    # via aiohttp
    # from https://pypi.org/simple
aistudio-sdk==0.3.9
    # via paddlex
    # from https://pypi.org/simple
annotated-doc==0.0.5
    # via
    #   fastapi
    #   typer
    # from https://pypi.org/simple
annotated-types==0.8.0
    # via pydantic
    # from https://pypi.org/simple
antlr4-python3-runtime==4.9.3
    # via omegaconf
    # from https://pypi.org/simple
anyio==4.14.2
    # via
    #   httpx
    #   starlette
    #   watchfiles
    # from https://pypi.org/simple
attrs==26.1.0
    # via
    #   aiohttp
    #   jsonlines
    #   jsonschema
    #   referencing
    # from https://pypi.org/simple
bce-python-sdk==0.9.76
    # via aistudio-sdk
    # from https://pypi.org/simple
beautifulsoup4==4.15.0
    # via docling-slim
    # from https://pypi.org/simple
certifi==2026.7.22
    # via
    #   docling-slim
    #   httpcore
    #   httpx
    #   requests
    # from https://pypi.org/simple
chardet==7.4.3
    # via paddlex
    # from https://pypi.org/simple
charset-normalizer==3.4.9
    # via requests
    # from https://pypi.org/simple
click==8.4.2
    # via
    #   aistudio-sdk
    #   huggingface-hub
    #   uvicorn
    # from https://pypi.org/simple
colorlog==6.12.0
    # via
    #   paddlex
    #   rapidocr
    # from https://pypi.org/simple
crc32c==2.8
    # via bce-python-sdk
    # from https://pypi.org/simple
defusedxml==0.7.1
    # via
    #   docling-core
    #   docling-slim
    # from https://pypi.org/simple
dill==0.4.1
    # via multiprocess
    # from https://pypi.org/simple
doclang==0.7.3
    # via docling-core
    # from https://pypi.org/simple
docling==2.117.0
    # via paper-repro-agent (pyproject.toml)
    # from https://pypi.org/simple
docling-core==2.90.0
    # via
    #   docling-ibm-models
    #   docling-parse
    #   docling-slim
    # from https://pypi.org/simple
docling-ibm-models==3.13.3
    # via docling-slim
    # from https://pypi.org/simple
docling-parse==7.8.1
    # via docling-slim
    # from https://pypi.org/simple
docling-slim==2.117.0
    # via docling
    # from https://pypi.org/simple
et-xmlfile==2.0.0
    # via openpyxl
    # from https://pypi.org/simple
faker==40.36.0
    # via polyfactory
    # from https://pypi.org/simple
fastapi==0.141.1
    # via paper-repro-agent (pyproject.toml)
    # from https://pypi.org/simple
filelock==3.32.2
    # via
    #   huggingface-hub
    #   modelscope
    #   modelscope-hub
    #   paddlex
    #   torch
    # from https://pypi.org/simple
filetype==1.2.0
    # via docling-slim
    # from https://pypi.org/simple
frozenlist==1.8.0
    # via
    #   aiohttp
    #   aiosignal
    # from https://pypi.org/simple
fsspec==2026.7.0
    # via
    #   huggingface-hub
    #   torch
    # from https://pypi.org/simple
future==1.0.0
    # via bce-python-sdk
    # from https://pypi.org/simple
h11==0.16.0
    # via
    #   httpcore
    #   uvicorn
    # from https://pypi.org/simple
hf-xet==1.6.0
    # via huggingface-hub
    # from https://pypi.org/simple
httpcore==1.0.9
    # via httpx
    # from https://pypi.org/simple
httptools==0.8.0
    # via uvicorn
    # from https://pypi.org/simple
httpx==0.28.1
    # via
    #   paper-repro-agent (pyproject.toml)
    #   docling-slim
    #   huggingface-hub
    #   paddlepaddle
    # from https://pypi.org/simple
huggingface-hub==1.26.0
    # via
    #   accelerate
    #   docling-ibm-models
    #   docling-slim
    #   paddlex
    #   tokenizers
    #   transformers
    # from https://pypi.org/simple
idna==3.18
    # via
    #   anyio
    #   httpx
    #   requests
    #   yarl
    # from https://pypi.org/simple
imagesize==2.0.0
    # via paddlex
    # from https://pypi.org/simple
iniconfig==2.3.0
    # via pytest
    # from https://pypi.org/simple
jinja2==3.1.6
    # via torch
    # from https://pypi.org/simple
jsonlines==4.0.0
    # via docling-ibm-models
    # from https://pypi.org/simple
jsonref==1.1.0
    # via docling-core
    # from https://pypi.org/simple
jsonschema==4.26.0
    # via docling-core
    # from https://pypi.org/simple
jsonschema-specifications==2025.9.1
    # via jsonschema
    # from https://pypi.org/simple
latex2mathml==3.81.0
    # via docling-core
    # from https://pypi.org/simple
lxml==6.1.1
    # via
    #   doclang
    #   python-docx
    #   python-pptx
    # from https://pypi.org/simple
mail-parser==4.5.0
    # via docling-slim
    # from https://pypi.org/simple
markdown-it-py==4.2.0
    # via rich
    # from https://pypi.org/simple
marko==2.2.3
    # via docling-slim
    # from https://pypi.org/simple
markupsafe==3.0.3
    # via jinja2
    # from https://pypi.org/simple
mdurl==0.1.2
    # via markdown-it-py
    # from https://pypi.org/simple
modelscope==1.39.0
    # via paddlex
    # from https://pypi.org/simple
modelscope-hub==0.2.0
    # via modelscope
    # from https://pypi.org/simple
mpire==2.10.2
    # via semchunk
    # from https://pypi.org/simple
mpmath==1.3.0
    # via sympy
    # from https://pypi.org/simple
multidict==6.7.1
    # via
    #   aiohttp
    #   yarl
    # from https://pypi.org/simple
multiprocess==0.70.19
    # via mpire
    # from https://pypi.org/simple
networkx==3.6.1
    # via
    #   paddlepaddle
    #   torch
    # from https://pypi.org/simple
numpy==2.3.5
    # via
    #   accelerate
    #   docling-ibm-models
    #   docling-slim
    #   opencv-contrib-python
    #   opencv-python
    #   opt-einsum
    #   paddlepaddle
    #   paddlex
    #   pandas
    #   rapidocr
    #   safetensors
    #   scipy
    #   shapely
    #   torchvision
    #   transformers
    # from https://pypi.org/simple
omegaconf==2.3.1
    # via rapidocr
    # from https://pypi.org/simple
opencv-contrib-python==4.10.0.84
    # via paddlex
    # from https://pypi.org/simple
opencv-python==5.0.0.93
    # via rapidocr
    # from https://pypi.org/simple
openpyxl==3.1.5
    # via docling-slim
    # from https://pypi.org/simple
opt-einsum==3.3.0
    # via paddlepaddle
    # from https://pypi.org/simple
packaging==26.2
    # via
    #   accelerate
    #   huggingface-hub
    #   modelscope
    #   paddlex
    #   pytest
    #   transformers
    # from https://pypi.org/simple
paddleocr==3.7.0
    # via paper-repro-agent (pyproject.toml)
    # from https://pypi.org/simple
paddlepaddle==3.3.1
    # via paper-repro-agent (pyproject.toml)
    # from https://pypi.org/simple
paddlex==3.7.2
    # via paddleocr
    # from https://pypi.org/simple
pandas==3.0.5
    # via
    #   docling-core
    #   paddlex
    # from https://pypi.org/simple
pillow==12.3.0
    # via
    #   docling-core
    #   docling-ibm-models
    #   docling-parse
    #   docling-slim
    #   paddlepaddle
    #   paddlex
    #   python-pptx
    #   rapidocr
    #   torchvision
    # from https://pypi.org/simple
pluggy==1.6.0
    # via
    #   docling-slim
    #   pytest
    # from https://pypi.org/simple
polyfactory==3.3.0
    # via docling-slim
    # from https://pypi.org/simple
prettytable==3.18.0
    # via
    #   aistudio-sdk
    #   paddlex
    # from https://pypi.org/simple
propcache==0.5.2
    # via
    #   aiohttp
    #   yarl
    # from https://pypi.org/simple
protobuf==7.35.1
    # via paddlepaddle
    # from https://pypi.org/simple
psutil==7.2.2
    # via
    #   accelerate
    #   aistudio-sdk
    # from https://pypi.org/simple
py-cpuinfo==9.0.0
    # via paddlex
    # from https://pypi.org/simple
pyclipper==1.4.0
    # via
    #   paddlex
    #   rapidocr
    # from https://pypi.org/simple
pycryptodome==3.23.0
    # via bce-python-sdk
    # from https://pypi.org/simple
pydantic==2.13.4
    # via
    #   docling-core
    #   docling-ibm-models
    #   docling-parse
    #   docling-slim
    #   fastapi
    #   paddlex
    #   pydantic-settings
    # from https://pypi.org/simple
pydantic-core==2.46.4
    # via pydantic
    # from https://pypi.org/simple
pydantic-settings==2.14.2
    # via
    #   paper-repro-agent (pyproject.toml)
    #   docling-core
    #   docling-slim
    # from https://pypi.org/simple
pygments==2.20.0
    # via
    #   mpire
    #   pytest
    #   rich
    # from https://pypi.org/simple
pylatexenc==2.11
    # via docling-slim
    # from https://pypi.org/simple
pypdf==6.14.2
    # via paper-repro-agent (pyproject.toml)
    # from https://pypi.org/simple
pypdfium2==5.12.1
    # via
    #   docling-slim
    #   paddlex
    # from https://pypi.org/simple
pytest==9.1.1
    # via
    #   paper-repro-agent (pyproject.toml)
    #   pytest-asyncio
    # from https://pypi.org/simple
pytest-asyncio==1.4.0
    # via paper-repro-agent (pyproject.toml)
    # from https://pypi.org/simple
python-bidi==0.6.11
    # via paddlex
    # from https://pypi.org/simple
python-dateutil==2.9.0.post0
    # via pandas
    # from https://pypi.org/simple
python-docx==1.2.0
    # via docling-slim
    # from https://pypi.org/simple
python-dotenv==1.2.2
    # via
    #   docling-slim
    #   pydantic-settings
    #   uvicorn
    # from https://pypi.org/simple
python-multipart==0.0.32
    # via paper-repro-agent (pyproject.toml)
    # from https://pypi.org/simple
python-pptx==1.0.2
    # via docling-slim
    # from https://pypi.org/simple
pyyaml==6.0.2
    # via
    #   accelerate
    #   docling-core
    #   huggingface-hub
    #   omegaconf
    #   paddleocr
    #   paddlex
    #   rapidocr
    #   transformers
    #   uvicorn
    # from https://pypi.org/simple
rapidocr==3.9.2
    # via docling-slim
    # from https://pypi.org/simple
referencing==0.37.0
    # via
    #   jsonschema
    #   jsonschema-specifications
    # from https://pypi.org/simple
regex==2026.7.19
    # via transformers
    # from https://pypi.org/simple
requests==2.34.2
    # via
    #   aistudio-sdk
    #   docling-slim
    #   modelscope
    #   modelscope-hub
    #   paddleocr
    #   paddlex
    #   rapidocr
    # from https://pypi.org/simple
rich==15.0.0
    # via
    #   docling-slim
    #   typer
    # from https://pypi.org/simple
rpds-py==2026.6.3
    # via
    #   jsonschema
    #   referencing
    # from https://pypi.org/simple
rtree==1.4.1
    # via
    #   docling-ibm-models
    #   docling-slim
    # from https://pypi.org/simple
ruamel-yaml==0.19.1
    # via paddlex
    # from https://pypi.org/simple
safetensors==0.8.0
    # via
    #   accelerate
    #   docling-ibm-models
    #   paddlepaddle
    #   transformers
    # from https://pypi.org/simple
scipy==1.18.0
    # via docling-slim
    # from https://pypi.org/simple
semchunk==3.2.5
    # via docling-core
    # from https://pypi.org/simple
setuptools==83.0.0
    # via
    #   modelscope
    #   paddlepaddle
    #   torch
    # from https://pypi.org/simple
shapely==2.1.2
    # via
    #   paddlex
    #   rapidocr
    # from https://pypi.org/simple
shellingham==1.5.4
    # via typer
    # from https://pypi.org/simple
six==1.17.0
    # via
    #   bce-python-sdk
    #   python-dateutil
    #   rapidocr
    # from https://pypi.org/simple
soupsieve==2.9.1
    # via beautifulsoup4
    # from https://pypi.org/simple
starlette==1.3.1
    # via fastapi
    # from https://pypi.org/simple
sympy==1.14.0
    # via torch
    # from https://pypi.org/simple
tabulate==0.10.0
    # via docling-core
    # from https://pypi.org/simple
tokenizers==0.22.2
    # via transformers
    # from https://pypi.org/simple
torch==2.13.0+cpu
    # via
    #   accelerate
    #   docling-ibm-models
    #   docling-slim
    #   safetensors
    #   torchvision
    # from https://download.pytorch.org/whl/cpu
torchvision==0.28.0+cpu
    # via
    #   docling-ibm-models
    #   docling-slim
    # from https://download.pytorch.org/whl/cpu
tqdm==4.70.0
    # via
    #   aistudio-sdk
    #   docling-ibm-models
    #   docling-slim
    #   huggingface-hub
    #   modelscope
    #   modelscope-hub
    #   mpire
    #   rapidocr
    #   semchunk
    #   transformers
    # from https://pypi.org/simple
transformers==5.14.1
    # via
    #   docling-core
    #   docling-ibm-models
    # from https://pypi.org/simple
tree-sitter==0.26.0
    # via docling-core
    # from https://pypi.org/simple
tree-sitter-c==0.24.2
    # via docling-core
    # from https://pypi.org/simple
tree-sitter-javascript==0.25.0
    # via docling-core
    # from https://pypi.org/simple
tree-sitter-python==0.25.0
    # via docling-core
    # from https://pypi.org/simple
tree-sitter-typescript==0.23.2
    # via docling-core
    # from https://pypi.org/simple
typer==0.26.8
    # via
    #   doclang
    #   docling-core
    #   docling-slim
    #   transformers
    # from https://pypi.org/simple
typing-extensions==4.16.0
    # via
    #   aiohttp
    #   aiosignal
    #   anyio
    #   beautifulsoup4
    #   docling-core
    #   fastapi
    #   huggingface-hub
    #   paddleocr
    #   paddlepaddle
    #   paddlex
    #   polyfactory
    #   pydantic
    #   pydantic-core
    #   pytest-asyncio
    #   python-docx
    #   python-pptx
    #   referencing
    #   starlette
    #   torch
    #   typing-inspection
    # from https://pypi.org/simple
typing-inspection==0.4.2
    # via
    #   fastapi
    #   pydantic
    #   pydantic-settings
    # from https://pypi.org/simple
ujson==5.13.0
    # via paddlex
    # from https://pypi.org/simple
urllib3==2.7.0
    # via
    #   modelscope
    #   modelscope-hub
    #   requests
    # from https://pypi.org/simple
uvicorn==0.52.1
    # via paper-repro-agent (pyproject.toml)
    # from https://pypi.org/simple
uvloop==0.22.1
    # via uvicorn
    # from https://pypi.org/simple
watchfiles==1.2.0
    # via uvicorn
    # from https://pypi.org/simple
wcwidth==0.8.2
    # via prettytable
    # from https://pypi.org/simple
websockets==16.1.1
    # via
    #   docling-slim
    #   uvicorn
    # from https://pypi.org/simple
xlsxwriter==3.2.9
    # via python-pptx
    # from https://pypi.org/simple
yarl==1.24.5
    # via aiohttp
    # from https://pypi.org/simple
